
Microsoft Visual Studio Solution File, Format Version 12.00
# Visual Studio Version 16
VisualStudioVersion = 16.0.30413.136
MinimumVisualStudioVersion = 10.0.40219.1
Project("{9A19103F-16F7-4668-BE54-9A1E7A4F7556}") = "ElectronicLibraryWebApp", "ElectronicLibraryWebApp\ElectronicLibraryWebApp.csproj", "{7115EE27-FD9D-4C09-8E89-81D3885B5E4D}"
EndProject
Project("{2150E333-8FDC-42A3-9474-1A3956D46DE8}") = "Domain", "Domain", "{59CBD3F2-8B3F-44B9-9476-9420E079A435}"
EndProject
Project("{2150E333-8FDC-42A3-9474-1A3956D46DE8}") = "Services", "Services", "{CBEFF9CF-F8DA-4D33-BFC7-E5779091A96D}"
EndProject
Project("{9A19103F-16F7-4668-BE54-9A1E7A4F7556}") = "ElectronicLibrary.Domain.Core", "ElectronicLibrary.Domain.Core\ElectronicLibrary.Domain.Core.csproj", "{1D8F6748-2F22-43DF-8F3B-64A1AB1CA4E6}"
EndProject
Project("{9A19103F-16F7-4668-BE54-9A1E7A4F7556}") = "ElectronicLibrary.Domain.Interfaces", "ElectronicLibrary.Domain.Interfaces\ElectronicLibrary.Domain.Interfaces.csproj", "{0116FC25-ADAB-4AD0-9032-213CA935AB5A}"
EndProject
Project("{2150E333-8FDC-42A3-9474-1A3956D46DE8}") = "Infrastructure", "Infrastructure", "{58092CBA-66B4-431D-B9A5-19F68FAD7230}"
EndProject
Project("{9A19103F-16F7-4668-BE54-9A1E7A4F7556}") = "ElectronicLibrary.Infrastructure.Data", "ElectronicLibrary.Infrastructure.Data\ElectronicLibrary.Infrastructure.Data.csproj", "{37C18FD4-5D85-40B4-BEF4-11EFDB29DA9B}"
EndProject
Project("{9A19103F-16F7-4668-BE54-9A1E7A4F7556}") = "ElectronicLibrary.Infrastructure.Business", "ElectronicLibrary.Infrastructure.Business\ElectronicLibrary.Infrastructure.Business.csproj", "{EC6566D3-3AF8-4375-B7D3-D3BA22C7E259}"
EndProject
Project("{9A19103F-16F7-4668-BE54-9A1E7A4F7556}") = "ElectronicLibrary.Services.Interfaces", "EletronicLibrary.Services.Interfaces\ElectronicLibrary.Services.Interfaces.csproj", "{B084D842-9D07-4A22-BD47-6E09183960A5}"
EndProject
Project("{FAE04EC0-301F-11D3-BF4B-00C04F79EFBC}") = "ElectronicLibrary.Services.Models", "ElectronicLibrary.Services.Models\ElectronicLibrary.Services.Models.csproj", "{D8754809-982D-460D-B998-9B6463817F71}"
EndProject
Global
	GlobalSection(SolutionConfigurationPlatforms) = preSolution
		Debug|Any CPU = Debug|Any CPU
		Release|Any CPU = Release|Any CPU
	EndGlobalSection
	GlobalSection(ProjectConfigurationPlatforms) = postSolution
		{7115EE27-FD9D-4C09-8E89-81D3885B5E4D}.Debug|Any CPU.ActiveCfg = Debug|Any CPU
		{7115EE27-FD9D-4C09-8E89-81D3885B5E4D}.Debug|Any CPU.Build.0 = Debug|Any CPU
		{7115EE27-FD9D-4C09-8E89-81D3885B5E4D}.Release|Any CPU.ActiveCfg = Release|Any CPU
		{7115EE27-FD9D-4C09-8E89-81D3885B5E4D}.Release|Any CPU.Build.0 = Release|Any CPU
		{1D8F6748-2F22-43DF-8F3B-64A1AB1CA4E6}.Debug|Any CPU.ActiveCfg = Debug|Any CPU
		{1D8F6748-2F22-43DF-8F3B-64A1AB1CA4E6}.Debug|Any CPU.Build.0 = Debug|Any CPU
		{1D8F6748-2F22-43DF-8F3B-64A1AB1CA4E6}.Release|Any CPU.ActiveCfg = Release|Any CPU
		{1D8F6748-2F22-43DF-8F3B-64A1AB1CA4E6}.Release|Any CPU.Build.0 = Release|Any CPU
		{0116FC25-ADAB-4AD0-9032-213CA935AB5A}.Debug|Any CPU.ActiveCfg = Debug|Any CPU
		{0116FC25-ADAB-4AD0-9032-213CA935AB5A}.Debug|Any CPU.Build.0 = Debug|Any CPU
		{0116FC25-ADAB-4AD0-9032-213CA935AB5A}.Release|Any CPU.ActiveCfg = Release|Any CPU
		{0116FC25-ADAB-4AD0-9032-213CA935AB5A}.Release|Any CPU.Build.0 = Release|Any CPU
		{37C18FD4-5D85-40B4-BEF4-11EFDB29DA9B}.Debug|Any CPU.ActiveCfg = Debug|Any CPU
		{37C18FD4-5D85-40B4-BEF4-11EFDB29DA9B}.Debug|Any CPU.Build.0 = Debug|Any CPU
		{37C18FD4-5D85-40B4-BEF4-11EFDB29DA9B}.Release|Any CPU.ActiveCfg = Release|Any CPU
		{37C18FD4-5D85-40B4-BEF4-11EFDB29DA9B}.Release|Any CPU.Build.0 = Release|Any CPU
		{EC6566D3-3AF8-4375-B7D3-D3BA22C7E259}.Debug|Any CPU.ActiveCfg = Debug|Any CPU
		{EC6566D3-3AF8-4375-B7D3-D3BA22C7E259}.Debug|Any CPU.Build.0 = Debug|Any CPU
		{EC6566D3-3AF8-4375-B7D3-D3BA22C7E259}.Release|Any CPU.ActiveCfg = Release|Any CPU
		{EC6566D3-3AF8-4375-B7D3-D3BA22C7E259}.Release|Any CPU.Build.0 = Release|Any CPU
		{B084D842-9D07-4A22-BD47-6E09183960A5}.Debug|Any CPU.ActiveCfg = Debug|Any CPU
		{B084D842-9D07-4A22-BD47-6E09183960A5}.Debug|Any CPU.Build.0 = Debug|Any CPU
		{B084D842-9D07-4A22-BD47-6E09183960A5}.Release|Any CPU.ActiveCfg = Release|Any CPU
		{B084D842-9D07-4A22-BD47-6E09183960A5}.Release|Any CPU.Build.0 = Release|Any CPU
		{D8754809-982D-460D-B998-9B6463817F71}.Debug|Any CPU.ActiveCfg = Debug|Any CPU
		{D8754809-982D-460D-B998-9B6463817F71}.Debug|Any CPU.Build.0 = Debug|Any CPU
		{D8754809-982D-460D-B998-9B6463817F71}.Release|Any CPU.ActiveCfg = Release|Any CPU
		{D8754809-982D-460D-B998-9B6463817F71}.Release|Any CPU.Build.0 = Release|Any CPU
	EndGlobalSection
	GlobalSection(SolutionProperties) = preSolution
		HideSolutionNode = FALSE
	EndGlobalSection
	GlobalSection(NestedProjects) = preSolution
		{1D8F6748-2F22-43DF-8F3B-64A1AB1CA4E6} = {59CBD3F2-8B3F-44B9-9476-9420E079A435}
		{0116FC25-ADAB-4AD0-9032-213CA935AB5A} = {59CBD3F2-8B3F-44B9-9476-9420E079A435}
		{37C18FD4-5D85-40B4-BEF4-11EFDB29DA9B} = {58092CBA-66B4-431D-B9A5-19F68FAD7230}
		{EC6566D3-3AF8-4375-B7D3-D3BA22C7E259} = {58092CBA-66B4-431D-B9A5-19F68FAD7230}
		{B084D842-9D07-4A22-BD47-6E09183960A5} = {CBEFF9CF-F8DA-4D33-BFC7-E5779091A96D}
		{D8754809-982D-460D-B998-9B6463817F71} = {CBEFF9CF-F8DA-4D33-BFC7-E5779091A96D}
	EndGlobalSection
	GlobalSection(ExtensibilityGlobals) = postSolution
		SolutionGuid = {B3BCBCE1-3CDA-4F3C-8E40-3EFE793F9728}
	EndGlobalSection
EndGlobal
